// !$*UTF8*$!
{
	archiveVersion = 1;
	classes = {
	};
	objectVersion = 77;
	objects = {

/* Begin PBXBuildFile section */
		0F943EDF2FC6A21C002114EE /* FFmpegKit in Frameworks */ = {isa = PBXBuildFile; productRef = 0F943EDE2FC6A21C002114EE /* FFmpegKit */; };
		0F943EE12FC6A21C002114EE /* libavcodec in Frameworks */ = {isa = PBXBuildFile; productRef = 0F943EE02FC6A21C002114EE /* libavcodec */; };
		0F943EE32FC6A21C002114EE /* libavdevice in Frameworks */ = {isa = PBXBuildFile; productRef = 0F943EE22FC6A21C002114EE /* libavdevice */; };
		0F943EE52FC6A21C002114EE /* libavfilter in Frameworks */ = {isa = PBXBuildFile; productRef = 0F943EE42FC6A21C002114EE /* libavfilter */; };
		0F943EE72FC6A21C002114EE /* libavformat in Frameworks */ = {isa = PBXBuildFile; productRef = 0F943EE62FC6A21C002114EE /* libavformat */; };
		0F943EE92FC6A21C002114EE /* libavutil in Frameworks */ = {isa = PBXBuildFile; productRef = 0F943EE82FC6A21C002114EE /* libavutil */; };
		0F943EEB2FC6A21C002114EE /* libswresample in Frameworks */ = {isa = PBXBuildFile; productRef = 0F943EEA2FC6A21C002114EE /* libswresample */; };
		0F943EED2FC6A21C002114EE /* libswscale in Frameworks */ = {isa = PBXBuildFile; productRef = 0F943EEC2FC6A21C002114EE /* libswscale */; };
/* End PBXBuildFile section */

/* Begin PBXContainerItemProxy section */
		0F943E722FC68A68002114EE /* PBXContainerItemProxy */ = {
			isa = PBXContainerItemProxy;
			containerPortal = 0F943E5C2FC68A67002114EE /* Project object */;
			proxyType = 1;
			remoteGlobalIDString = 0F943E632FC68A67002114EE;
			remoteInfo = VideoTool;
		};
		0F943E7C2FC68A68002114EE /* PBXContainerItemProxy */ = {
			isa = PBXContainerItemProxy;
			containerPortal = 0F943E5C2FC68A67002114EE /* Project object */;
			proxyType = 1;
			remoteGlobalIDString = 0F943E632FC68A67002114EE;
			remoteInfo = VideoTool;
		};
/* End PBXContainerItemProxy section */

/* Begin PBXFileReference section */
		0F943E642FC68A67002114EE /* VideoTool.app */ = {isa = PBXFileReference; explicitFileType = wrapper.application; includeInIndex = 0; path = VideoTool.app; sourceTree = BUILT_PRODUCTS_DIR; };
		0F943E712FC68A68002114EE /* VideoToolTests.xctest */ = {isa = PBXFileReference; explicitFileType = wrapper.cfbundle; includeInIndex = 0; path = VideoToolTests.xctest; sourceTree = BUILT_PRODUCTS_DIR; };
		0F943E7B2FC68A68002114EE /* VideoToolUITests.xctest */ = {isa = PBXFileReference; explicitFileType = wrapper.cfbundle; includeInIndex = 0; path = VideoToolUITests.xctest; sourceTree = BUILT_PRODUCTS_DIR; };
		0F943F002FC6CCC9002114EE /* .swiftformat */ = {isa = PBXFileReference; lastKnownFileType = text; path = .swiftformat; sourceTree = "<group>"; };
		0F943F012FC6CCC9002114EE /* .swiftlint.yml */ = {isa = PBXFileReference; lastKnownFileType = text.yaml; path = .swiftlint.yml; sourceTree = "<group>"; };
/* End PBXFileReference section */

/* Begin PBXFileSystemSynchronizedRootGroup section */
		0F943E662FC68A67002114EE /* VideoTool */ = {
			isa = PBXFileSystemSynchronizedRootGroup;
			path = VideoTool;
			sourceTree = "<group>";
		};
		0F943E742FC68A68002114EE /* VideoToolTests */ = {
			isa = PBXFileSystemSynchronizedRootGroup;
			path = VideoToolTests;
			sourceTree = "<group>";
		};
		0F943E7E2FC68A68002114EE /* VideoToolUITests */ = {
			isa = PBXFileSystemSynchronizedRootGroup;
			path = VideoToolUITests;
			sourceTree = "<group>";
		};
/* End PBXFileSystemSynchronizedRootGroup section */

/* Begin PBXFrameworksBuildPhase section */
		0F943E612FC68A67002114EE /* Frameworks */ = {
			isa = PBXFrameworksBuildPhase;
			buildActionMask = 2147483647;
			files = (
				0F943EE32FC6A21C002114EE /* libavdevice in Frameworks */,
				0F943EE12FC6A21C002114EE /* libavcodec in Frameworks */,
				0F943EDF2FC6A21C002114EE /* FFmpegKit in Frameworks */,
				0F943EED2FC6A21C002114EE /* libswscale in Frameworks */,
				0F943EEB2FC6A21C002114EE /* libswresample in Frameworks */,
				0F943EE72FC6A21C002114EE /* libavformat in Frameworks */,
				0F943EE52FC6A21C002114EE /* libavfilter in Frameworks */,
				0F943EE92FC6A21C002114EE /* libavutil in Frameworks */,
			);
			runOnlyForDeploymentPostprocessing = 0;
		};
		0F943E6E2FC68A68002114EE /* Frameworks */ = {
			isa = PBXFrameworksBuildPhase;
			buildActionMask = 2147483647;
			files = (
			);
			runOnlyForDeploymentPostprocessing = 0;
		};
		0F943E782FC68A68002114EE /* Frameworks */ = {
			isa = PBXFrameworksBuildPhase;
			buildActionMask = 2147483647;
			files = (
			);
			runOnlyForDeploymentPostprocessing = 0;
		};
/* End PBXFrameworksBuildPhase section */

/* Begin PBXGroup section */
		0F943E5B2FC68A67002114EE = {
			isa = PBXGroup;
			children = (
				0F943F002FC6CCC9002114EE /* .swiftformat */,
				0F943F012FC6CCC9002114EE /* .swiftlint.yml */,
				0F943E662FC68A67002114EE /* VideoTool */,
				0F943E742FC68A68002114EE /* VideoToolTests */,
				0F943E7E2FC68A68002114EE /* VideoToolUITests */,
				0F943E652FC68A67002114EE /* Products */,
			);
			sourceTree = "<group>";
		};
		0F943E652FC68A67002114EE /* Products */ = {
			isa = PBXGroup;
			children = (
				0F943E642FC68A67002114EE /* VideoTool.app */,
				0F943E712FC68A68002114EE /* VideoToolTests.xctest */,
				0F943E7B2FC68A68002114EE /* VideoToolUITests.xctest */,
			);
			name = Products;
			sourceTree = "<group>";
		};
/* End PBXGroup section */

/* Begin PBXNativeTarget section */
		0F943E632FC68A67002114EE /* VideoTool */ = {
			isa = PBXNativeTarget;
			buildConfigurationList = 0F943E852FC68A68002114EE /* Build configuration list for PBXNativeTarget "VideoTool" */;
			buildPhases = (
				0F943E602FC68A67002114EE /* Sources */,
				0F943E612FC68A67002114EE /* Frameworks */,
				0F943E622FC68A67002114EE /* Resources */,
				0F943EFE2FC6CC78002114EE /* SwiftLint */,
				0F943EFF2FC6CC89002114EE /* SwiftFormat */,
			);
			buildRules = (
			);
			dependencies = (
			);
			fileSystemSynchronizedGroups = (
				0F943E662FC68A67002114EE /* VideoTool */,
			);
			name = VideoTool;
			packageProductDependencies = (
				0F943EDE2FC6A21C002114EE /* FFmpegKit */,
				0F943EE02FC6A21C002114EE /* libavcodec */,
				0F943EE22FC6A21C002114EE /* libavdevice */,
				0F943EE42FC6A21C002114EE /* libavfilter */,
				0F943EE62FC6A21C002114EE /* libavformat */,
				0F943EE82FC6A21C002114EE /* libavutil */,
				0F943EEA2FC6A21C002114EE /* libswresample */,
				0F943EEC2FC6A21C002114EE /* libswscale */,
			);
			productName = VideoTool;
			productReference = 0F943E642FC68A67002114EE /* VideoTool.app */;
			productType = "com.apple.product-type.application";
		};
		0F943E702FC68A68002114EE /* VideoToolTests */ = {
			isa = PBXNativeTarget;
			buildConfigurationList = 0F943E882FC68A68002114EE /* Build configuration list for PBXNativeTarget "VideoToolTests" */;
			buildPhases = (
				0F943E6D2FC68A68002114EE /* Sources */,
				0F943E6E2FC68A68002114EE /* Frameworks */,
				0F943E6F2FC68A68002114EE /* Resources */,
			);
			buildRules = (
			);
			dependencies = (
				0F943E732FC68A68002114EE /* PBXTargetDependency */,
			);
			fileSystemSynchronizedGroups = (
				0F943E742FC68A68002114EE /* VideoToolTests */,
			);
			name = VideoToolTests;
			packageProductDependencies = (
			);
			productName = VideoToolTests;
			productReference = 0F943E712FC68A68002114EE /* VideoToolTests.xctest */;
			productType = "com.apple.product-type.bundle.unit-test";
		};
		0F943E7A2FC68A68002114EE /* VideoToolUITests */ = {
			isa = PBXNativeTarget;
			buildConfigurationList = 0F943E8B2FC68A68002114EE /* Build configuration list for PBXNativeTarget "VideoToolUITests" */;
			buildPhases = (
				0F943E772FC68A68002114EE /* Sources */,
				0F943E782FC68A68002114EE /* Frameworks */,
				0F943E792FC68A68002114EE /* Resources */,
			);
			buildRules = (
			);
			dependencies = (
				0F943E7D2FC68A68002114EE /* PBXTargetDependency */,
			);
			fileSystemSynchronizedGroups = (
				0F943E7E2FC68A68002114EE /* VideoToolUITests */,
			);
			name = VideoToolUITests;
			packageProductDependencies = (
			);
			productName = VideoToolUITests;
			productReference = 0F943E7B2FC68A68002114EE /* VideoToolUITests.xctest */;
			productType = "com.apple.product-type.bundle.ui-testing";
		};
/* End PBXNativeTarget section */

/* Begin PBXProject section */
		0F943E5C2FC68A67002114EE /* Project object */ = {
			isa = PBXProject;
			attributes = {
				BuildIndependentTargetsInParallel = 1;
				LastSwiftUpdateCheck = 2650;
				LastUpgradeCheck = 2650;
				TargetAttributes = {
					0F943E632FC68A67002114EE = {
						CreatedOnToolsVersion = 26.5;
					};
					0F943E702FC68A68002114EE = {
						CreatedOnToolsVersion = 26.5;
						TestTargetID = 0F943E632FC68A67002114EE;
					};
					0F943E7A2FC68A68002114EE = {
						CreatedOnToolsVersion = 26.5;
						TestTargetID = 0F943E632FC68A67002114EE;
					};
				};
			};
			buildConfigurationList = 0F943E5F2FC68A67002114EE /* Build configuration list for PBXProject "VideoTool" */;
			developmentRegion = "zh-Hans";
			hasScannedForEncodings = 0;
			knownRegions = (
				en,
				"zh-Hans",
				Base,
			);
			mainGroup = 0F943E5B2FC68A67002114EE;
			minimizedProjectReferenceProxies = 1;
			packageReferences = (
				0F943EDD2FC6A21C002114EE /* XCRemoteSwiftPackageReference "ffmpeg-kit-spm-macos" */,
			);
			preferredProjectObjectVersion = 77;
			productRefGroup = 0F943E652FC68A67002114EE /* Products */;
			projectDirPath = "";
			projectRoot = "";
			targets = (
				0F943E632FC68A67002114EE /* VideoTool */,
				0F943E702FC68A68002114EE /* VideoToolTests */,
				0F943E7A2FC68A68002114EE /* VideoToolUITests */,
			);
		};
/* End PBXProject section */

/* Begin PBXResourcesBuildPhase section */
		0F943E622FC68A67002114EE /* Resources */ = {
			isa = PBXResourcesBuildPhase;
			buildActionMask = 2147483647;
			files = (
			);
			runOnlyForDeploymentPostprocessing = 0;
		};
		0F943E6F2FC68A68002114EE /* Resources */ = {
			isa = PBXResourcesBuildPhase;
			buildActionMask = 2147483647;
			files = (
			);
			runOnlyForDeploymentPostprocessing = 0;
		};
		0F943E792FC68A68002114EE /* Resources */ = {
			isa = PBXResourcesBuildPhase;
			buildActionMask = 2147483647;
			files = (
			);
			runOnlyForDeploymentPostprocessing = 0;
		};
/* End PBXResourcesBuildPhase section */

/* Begin PBXShellScriptBuildPhase section */
		0F943EFE2FC6CC78002114EE /* SwiftLint */ = {
			isa = PBXShellScriptBuildPhase;
			alwaysOutOfDate = 1;
			buildActionMask = 2147483647;
			files = (
			);
			inputFileListPaths = (
			);
			inputPaths = (
			);
			name = SwiftLint;
			outputFileListPaths = (
			);
			outputPaths = (
			);
			runOnlyForDeploymentPostprocessing = 0;
			shellPath = /bin/sh;
			shellScript = "# 自动寻找 Homebrew 在 Apple Silicon (M1/M2/M3) 和 Intel Mac 下的安装路径\nif [[ \"$(uname -m)\" == \"arm64\" ]]; then\n    export PATH=\"/opt/homebrew/bin:$PATH\"\nelse\n    export PATH=\"/usr/local/bin:$PATH\"\nfi\n\n# 检查本地是否安装了 SwiftLint\nif which swiftlint >/dev/null; then\n    swiftlint\nelse\n    echo \"warning: SwiftLint not installed, download from https://github.com/realm/SwiftLint\"\nfi\n";
		};
		0F943EFF2FC6CC89002114EE /* SwiftFormat */ = {
			isa = PBXShellScriptBuildPhase;
			alwaysOutOfDate = 1;
			buildActionMask = 2147483647;
			files = (
			);
			inputFileListPaths = (
			);
			inputPaths = (
			);
			name = SwiftFormat;
			outputFileListPaths = (
			);
			outputPaths = (
			);
			runOnlyForDeploymentPostprocessing = 0;
			shellPath = /bin/sh;
			shellScript = "# 显式引入 Homebrew 路径\nexport PATH=\"/opt/homebrew/bin:/usr/local/bin:$PATH\"\n\nif which swiftformat >/dev/null; then\n  echo \"Executing SwiftFormat on the entire project...\"\n  # 传入整个项目根目录 ${SRCROOT}，它会自动读取根目录下的 .swiftformat 配置文件\n  swiftformat \"${SRCROOT}\" --config \"${SRCROOT}/.swiftformat\"\nelse\n  echo \"warning: SwiftFormat is not installed. Please run 'brew install swiftformat' to enable auto-formatting.\"\nfi\n";
		};
/* End PBXShellScriptBuildPhase section */

/* Begin PBXSourcesBuildPhase section */
		0F943E602FC68A67002114EE /* Sources */ = {
			isa = PBXSourcesBuildPhase;
			buildActionMask = 2147483647;
			files = (
			);
			runOnlyForDeploymentPostprocessing = 0;
		};
		0F943E6D2FC68A68002114EE /* Sources */ = {
			isa = PBXSourcesBuildPhase;
			buildActionMask = 2147483647;
			files = (
			);
			runOnlyForDeploymentPostprocessing = 0;
		};
		0F943E772FC68A68002114EE /* Sources */ = {
			isa = PBXSourcesBuildPhase;
			buildActionMask = 2147483647;
			files = (
			);
			runOnlyForDeploymentPostprocessing = 0;
		};
/* End PBXSourcesBuildPhase section */

/* Begin PBXTargetDependency section */
		0F943E732FC68A68002114EE /* PBXTargetDependency */ = {
			isa = PBXTargetDependency;
			target = 0F943E632FC68A67002114EE /* VideoTool */;
			targetProxy = 0F943E722FC68A68002114EE /* PBXContainerItemProxy */;
		};
		0F943E7D2FC68A68002114EE /* PBXTargetDependency */ = {
			isa = PBXTargetDependency;
			target = 0F943E632FC68A67002114EE /* VideoTool */;
			targetProxy = 0F943E7C2FC68A68002114EE /* PBXContainerItemProxy */;
		};
/* End PBXTargetDependency section */

/* Begin XCBuildConfiguration section */
		0F943E832FC68A68002114EE /* Debug */ = {
			isa = XCBuildConfiguration;
			buildSettings = {
				ALWAYS_SEARCH_USER_PATHS = NO;
				ASSETCATALOG_COMPILER_GENERATE_SWIFT_ASSET_SYMBOL_EXTENSIONS = YES;
				CLANG_ANALYZER_NONNULL = YES;
				CLANG_ANALYZER_NUMBER_OBJECT_CONVERSION = YES_AGGRESSIVE;
				CLANG_CXX_LANGUAGE_STANDARD = "gnu++20";
				CLANG_ENABLE_MODULES = YES;
				CLANG_ENABLE_OBJC_ARC = YES;
				CLANG_ENABLE_OBJC_WEAK = YES;
				CLANG_WARN_BLOCK_CAPTURE_AUTORELEASING = YES;
				CLANG_WARN_BOOL_CONVERSION = YES;
				CLANG_WARN_COMMA = YES;
				CLANG_WARN_CONSTANT_CONVERSION = YES;
				CLANG_WARN_DEPRECATED_OBJC_IMPLEMENTATIONS = YES;
				CLANG_WARN_DIRECT_OBJC_ISA_USAGE = YES_ERROR;
				CLANG_WARN_DOCUMENTATION_COMMENTS = YES;
				CLANG_WARN_EMPTY_BODY = YES;
				CLANG_WARN_ENUM_CONVERSION = YES;
				CLANG_WARN_INFINITE_RECURSION = YES;
				CLANG_WARN_INT_CONVERSION = YES;
				CLANG_WARN_NON_LITERAL_NULL_CONVERSION = YES;
				CLANG_WARN_OBJC_IMPLICIT_RETAIN_SELF = YES;
				CLANG_WARN_OBJC_LITERAL_CONVERSION = YES;
				CLANG_WARN_OBJC_ROOT_CLASS = YES_ERROR;
				CLANG_WARN_QUOTED_INCLUDE_IN_FRAMEWORK_HEADER = YES;
				CLANG_WARN_RANGE_LOOP_ANALYSIS = YES;
				CLANG_WARN_STRICT_PROTOTYPES = YES;
				CLANG_WARN_SUSPICIOUS_MOVE = YES;
				CLANG_WARN_UNGUARDED_AVAILABILITY = YES_AGGRESSIVE;
				CLANG_WARN_UNREACHABLE_CODE = YES;
				CLANG_WARN__DUPLICATE_METHOD_MATCH = YES;
				COPY_PHASE_STRIP = NO;
				DEBUG_INFORMATION_FORMAT = dwarf;
				DEVELOPMENT_TEAM = CFNBP9XPWJ;
				ENABLE_STRICT_OBJC_MSGSEND = YES;
				ENABLE_TESTABILITY = YES;
				ENABLE_USER_SCRIPT_SANDBOXING = YES;
				GCC_C_LANGUAGE_STANDARD = gnu17;
				GCC_DYNAMIC_NO_PIC = NO;
				GCC_NO_COMMON_BLOCKS = YES;
				GCC_OPTIMIZATION_LEVEL = 0;
				GCC_PREPROCESSOR_DEFINITIONS = (
					"DEBUG=1",
					"$(inherited)",
				);
				GCC_WARN_64_TO_32_BIT_CONVERSION = YES;
				GCC_WARN_ABOUT_RETURN_TYPE = YES_ERROR;
				GCC_WARN_UNDECLARED_SELECTOR = YES;
				GCC_WARN_UNINITIALIZED_AUTOS = YES_AGGRESSIVE;
				GCC_WARN_UNUSED_FUNCTION = YES;
				GCC_WARN_UNUSED_VARIABLE = YES;
				LOCALIZATION_PREFERS_STRING_CATALOGS = YES;
				MACOSX_DEPLOYMENT_TARGET = 26.5;
				MTL_ENABLE_DEBUG_INFO = INCLUDE_SOURCE;
				MTL_FAST_MATH = YES;
				ONLY_ACTIVE_ARCH = YES;
				SDKROOT = macosx;
				SWIFT_ACTIVE_COMPILATION_CONDITIONS = "DEBUG $(inherited)";
				SWIFT_OPTIMIZATION_LEVEL = "-Onone";
			};
			name = Debug;
		};
		0F943E842FC68A68002114EE /* Release */ = {
			isa = XCBuildConfiguration;
			buildSettings = {
				ALWAYS_SEARCH_USER_PATHS = NO;
				ASSETCATALOG_COMPILER_GENERATE_SWIFT_ASSET_SYMBOL_EXTENSIONS = YES;
				CLANG_ANALYZER_NONNULL = YES;
				CLANG_ANALYZER_NUMBER_OBJECT_CONVERSION = YES_AGGRESSIVE;
				CLANG_CXX_LANGUAGE_STANDARD = "gnu++20";
				CLANG_ENABLE_MODULES = YES;
				CLANG_ENABLE_OBJC_ARC = YES;
				CLANG_ENABLE_OBJC_WEAK = YES;
				CLANG_WARN_BLOCK_CAPTURE_AUTORELEASING = YES;
				CLANG_WARN_BOOL_CONVERSION = YES;
				CLANG_WARN_COMMA = YES;
				CLANG_WARN_CONSTANT_CONVERSION = YES;
				CLANG_WARN_DEPRECATED_OBJC_IMPLEMENTATIONS = YES;
				CLANG_WARN_DIRECT_OBJC_ISA_USAGE = YES_ERROR;
				CLANG_WARN_DOCUMENTATION_COMMENTS = YES;
				CLANG_WARN_EMPTY_BODY = YES;
				CLANG_WARN_ENUM_CONVERSION = YES;
				CLANG_WARN_INFINITE_RECURSION = YES;
				CLANG_WARN_INT_CONVERSION = YES;
				CLANG_WARN_NON_LITERAL_NULL_CONVERSION = YES;
				CLANG_WARN_OBJC_IMPLICIT_RETAIN_SELF = YES;
				CLANG_WARN_OBJC_LITERAL_CONVERSION = YES;
				CLANG_WARN_OBJC_ROOT_CLASS = YES_ERROR;
				CLANG_WARN_QUOTED_INCLUDE_IN_FRAMEWORK_HEADER = YES;
				CLANG_WARN_RANGE_LOOP_ANALYSIS = YES;
				CLANG_WARN_STRICT_PROTOTYPES = YES;
				CLANG_WARN_SUSPICIOUS_MOVE = YES;
				CLANG_WARN_UNGUARDED_AVAILABILITY = YES_AGGRESSIVE;
				CLANG_WARN_UNREACHABLE_CODE = YES;
				CLANG_WARN__DUPLICATE_METHOD_MATCH = YES;
				COPY_PHASE_STRIP = NO;
				DEBUG_INFORMATION_FORMAT = "dwarf-with-dsym";
				DEVELOPMENT_TEAM = CFNBP9XPWJ;
				ENABLE_NS_ASSERTIONS = NO;
				ENABLE_STRICT_OBJC_MSGSEND = YES;
				ENABLE_USER_SCRIPT_SANDBOXING = YES;
				GCC_C_LANGUAGE_STANDARD = gnu17;
				GCC_NO_COMMON_BLOCKS = YES;
				GCC_WARN_64_TO_32_BIT_CONVERSION = YES;
				GCC_WARN_ABOUT_RETURN_TYPE = YES_ERROR;
				GCC_WARN_UNDECLARED_SELECTOR = YES;
				GCC_WARN_UNINITIALIZED_AUTOS = YES_AGGRESSIVE;
				GCC_WARN_UNUSED_FUNCTION = YES;
				GCC_WARN_UNUSED_VARIABLE = YES;
				LOCALIZATION_PREFERS_STRING_CATALOGS = YES;
				MACOSX_DEPLOYMENT_TARGET = 26.5;
				MTL_ENABLE_DEBUG_INFO = NO;
				MTL_FAST_MATH = YES;
				SDKROOT = macosx;
				SWIFT_COMPILATION_MODE = wholemodule;
			};
			name = Release;
		};
		0F943E862FC68A68002114EE /* Debug */ = {
			isa = XCBuildConfiguration;
			buildSettings = {
				ASSETCATALOG_COMPILER_APPICON_NAME = AppIcon;
				ASSETCATALOG_COMPILER_GLOBAL_ACCENT_COLOR_NAME = AccentColor;
				CODE_SIGN_STYLE = Automatic;
				COMBINE_HIDPI_IMAGES = YES;
				CURRENT_PROJECT_VERSION = 1;
				DEVELOPMENT_TEAM = CFNBP9XPWJ;
				ENABLE_APP_SANDBOX = YES;
				ENABLE_HARDENED_RUNTIME = YES;
				ENABLE_INCOMING_NETWORK_CONNECTIONS = NO;
				ENABLE_OUTGOING_NETWORK_CONNECTIONS = NO;
				ENABLE_PREVIEWS = YES;
				ENABLE_RESOURCE_ACCESS_AUDIO_INPUT = NO;
				ENABLE_RESOURCE_ACCESS_BLUETOOTH = NO;
				ENABLE_RESOURCE_ACCESS_CALENDARS = NO;
				ENABLE_RESOURCE_ACCESS_CAMERA = NO;
				ENABLE_RESOURCE_ACCESS_CONTACTS = NO;
				ENABLE_RESOURCE_ACCESS_LOCATION = NO;
				ENABLE_RESOURCE_ACCESS_PRINTING = NO;
				ENABLE_RESOURCE_ACCESS_USB = NO;
				ENABLE_USER_SCRIPT_SANDBOXING = NO;
				ENABLE_USER_SELECTED_FILES = readwrite;
				GENERATE_INFOPLIST_FILE = YES;
				INFOPLIST_KEY_CFBundleDisplayName = "格式大师";
				INFOPLIST_KEY_NSHumanReadableCopyright = "";
				LD_RUNPATH_SEARCH_PATHS = (
					"$(inherited)",
					"@executable_path/../Frameworks",
				);
				MACOSX_DEPLOYMENT_TARGET = 15;
				MARKETING_VERSION = 1.0;
				PRODUCT_BUNDLE_IDENTIFIER = cc.dogegg.videotool;
				PRODUCT_NAME = "$(TARGET_NAME)";
				REGISTER_APP_GROUPS = YES;
				STRING_CATALOG_GENERATE_SYMBOLS = YES;
				SWIFT_APPROACHABLE_CONCURRENCY = YES;
				SWIFT_DEFAULT_ACTOR_ISOLATION = MainActor;
				SWIFT_EMIT_LOC_STRINGS = YES;
				SWIFT_UPCOMING_FEATURE_MEMBER_IMPORT_VISIBILITY = YES;
				SWIFT_VERSION = 5.0;
			};
			name = Debug;
		};
		0F943E872FC68A68002114EE /* Release */ = {
			isa = XCBuildConfiguration;
			buildSettings = {
				ASSETCATALOG_COMPILER_APPICON_NAME = AppIcon;
				ASSETCATALOG_COMPILER_GLOBAL_ACCENT_COLOR_NAME = AccentColor;
				CODE_SIGN_STYLE = Automatic;
				COMBINE_HIDPI_IMAGES = YES;
				CURRENT_PROJECT_VERSION = 1;
				DEVELOPMENT_TEAM = CFNBP9XPWJ;
				ENABLE_APP_SANDBOX = YES;
				ENABLE_HARDENED_RUNTIME = YES;
				ENABLE_INCOMING_NETWORK_CONNECTIONS = NO;
				ENABLE_OUTGOING_NETWORK_CONNECTIONS = NO;
				ENABLE_PREVIEWS = YES;
				ENABLE_RESOURCE_ACCESS_AUDIO_INPUT = NO;
				ENABLE_RESOURCE_ACCESS_BLUETOOTH = NO;
				ENABLE_RESOURCE_ACCESS_CALENDARS = NO;
				ENABLE_RESOURCE_ACCESS_CAMERA = NO;
				ENABLE_RESOURCE_ACCESS_CONTACTS = NO;
				ENABLE_RESOURCE_ACCESS_LOCATION = NO;
				ENABLE_RESOURCE_ACCESS_PRINTING = NO;
				ENABLE_RESOURCE_ACCESS_USB = NO;
				ENABLE_USER_SCRIPT_SANDBOXING = NO;
				ENABLE_USER_SELECTED_FILES = readwrite;
				GENERATE_INFOPLIST_FILE = YES;
				INFOPLIST_KEY_CFBundleDisplayName = "格式大师";
				INFOPLIST_KEY_NSHumanReadableCopyright = "";
				LD_RUNPATH_SEARCH_PATHS = (
					"$(inherited)",
					"@executable_path/../Frameworks",
				);
				MACOSX_DEPLOYMENT_TARGET = 15;
				MARKETING_VERSION = 1.0;
				PRODUCT_BUNDLE_IDENTIFIER = cc.dogegg.videotool;
				PRODUCT_NAME = "$(TARGET_NAME)";
				REGISTER_APP_GROUPS = YES;
				STRING_CATALOG_GENERATE_SYMBOLS = YES;
				SWIFT_APPROACHABLE_CONCURRENCY = YES;
				SWIFT_DEFAULT_ACTOR_ISOLATION = MainActor;
				SWIFT_EMIT_LOC_STRINGS = YES;
				SWIFT_UPCOMING_FEATURE_MEMBER_IMPORT_VISIBILITY = YES;
				SWIFT_VERSION = 5.0;
			};
			name = Release;
		};
		0F943E892FC68A68002114EE /* Debug */ = {
			isa = XCBuildConfiguration;
			buildSettings = {
				BUNDLE_LOADER = "$(TEST_HOST)";
				CODE_SIGN_STYLE = Automatic;
				CURRENT_PROJECT_VERSION = 1;
				DEVELOPMENT_TEAM = CFNBP9XPWJ;
				GENERATE_INFOPLIST_FILE = YES;
				MACOSX_DEPLOYMENT_TARGET = 26.5;
				MARKETING_VERSION = 1.0;
				PRODUCT_BUNDLE_IDENTIFIER = cc.dogegg.VideoToolTests;
				PRODUCT_NAME = "$(TARGET_NAME)";
				STRING_CATALOG_GENERATE_SYMBOLS = NO;
				SWIFT_APPROACHABLE_CONCURRENCY = YES;
				SWIFT_EMIT_LOC_STRINGS = NO;
				SWIFT_UPCOMING_FEATURE_MEMBER_IMPORT_VISIBILITY = YES;
				SWIFT_VERSION = 5.0;
				TEST_HOST = "$(BUILT_PRODUCTS_DIR)/VideoTool.app/$(BUNDLE_EXECUTABLE_FOLDER_PATH)/VideoTool";
			};
			name = Debug;
		};
		0F943E8A2FC68A68002114EE /* Release */ = {
			isa = XCBuildConfiguration;
			buildSettings = {
				BUNDLE_LOADER = "$(TEST_HOST)";
				CODE_SIGN_STYLE = Automatic;
				CURRENT_PROJECT_VERSION = 1;
				DEVELOPMENT_TEAM = CFNBP9XPWJ;
				GENERATE_INFOPLIST_FILE = YES;
				MACOSX_DEPLOYMENT_TARGET = 26.5;
				MARKETING_VERSION = 1.0;
				PRODUCT_BUNDLE_IDENTIFIER = cc.dogegg.VideoToolTests;
				PRODUCT_NAME = "$(TARGET_NAME)";
				STRING_CATALOG_GENERATE_SYMBOLS = NO;
				SWIFT_APPROACHABLE_CONCURRENCY = YES;
				SWIFT_EMIT_LOC_STRINGS = NO;
				SWIFT_UPCOMING_FEATURE_MEMBER_IMPORT_VISIBILITY = YES;
				SWIFT_VERSION = 5.0;
				TEST_HOST = "$(BUILT_PRODUCTS_DIR)/VideoTool.app/$(BUNDLE_EXECUTABLE_FOLDER_PATH)/VideoTool";
			};
			name = Release;
		};
		0F943E8C2FC68A68002114EE /* Debug */ = {
			isa = XCBuildConfiguration;
			buildSettings = {
				CODE_SIGN_STYLE = Automatic;
				CURRENT_PROJECT_VERSION = 1;
				DEVELOPMENT_TEAM = CFNBP9XPWJ;
				GENERATE_INFOPLIST_FILE = YES;
				MARKETING_VERSION = 1.0;
				PRODUCT_BUNDLE_IDENTIFIER = cc.dogegg.VideoToolUITests;
				PRODUCT_NAME = "$(TARGET_NAME)";
				STRING_CATALOG_GENERATE_SYMBOLS = NO;
				SWIFT_APPROACHABLE_CONCURRENCY = YES;
				SWIFT_EMIT_LOC_STRINGS = NO;
				SWIFT_UPCOMING_FEATURE_MEMBER_IMPORT_VISIBILITY = YES;
				SWIFT_VERSION = 5.0;
				TEST_TARGET_NAME = VideoTool;
			};
			name = Debug;
		};
		0F943E8D2FC68A68002114EE /* Release */ = {
			isa = XCBuildConfiguration;
			buildSettings = {
				CODE_SIGN_STYLE = Automatic;
				CURRENT_PROJECT_VERSION = 1;
				DEVELOPMENT_TEAM = CFNBP9XPWJ;
				GENERATE_INFOPLIST_FILE = YES;
				MARKETING_VERSION = 1.0;
				PRODUCT_BUNDLE_IDENTIFIER = cc.dogegg.VideoToolUITests;
				PRODUCT_NAME = "$(TARGET_NAME)";
				STRING_CATALOG_GENERATE_SYMBOLS = NO;
				SWIFT_APPROACHABLE_CONCURRENCY = YES;
				SWIFT_EMIT_LOC_STRINGS = NO;
				SWIFT_UPCOMING_FEATURE_MEMBER_IMPORT_VISIBILITY = YES;
				SWIFT_VERSION = 5.0;
				TEST_TARGET_NAME = VideoTool;
			};
			name = Release;
		};
/* End XCBuildConfiguration section */

/* Begin XCConfigurationList section */
		0F943E5F2FC68A67002114EE /* Build configuration list for PBXProject "VideoTool" */ = {
			isa = XCConfigurationList;
			buildConfigurations = (
				0F943E832FC68A68002114EE /* Debug */,
				0F943E842FC68A68002114EE /* Release */,
			);
			defaultConfigurationIsVisible = 0;
			defaultConfigurationName = Release;
		};
		0F943E852FC68A68002114EE /* Build configuration list for PBXNativeTarget "VideoTool" */ = {
			isa = XCConfigurationList;
			buildConfigurations = (
				0F943E862FC68A68002114EE /* Debug */,
				0F943E872FC68A68002114EE /* Release */,
			);
			defaultConfigurationIsVisible = 0;
			defaultConfigurationName = Release;
		};
		0F943E882FC68A68002114EE /* Build configuration list for PBXNativeTarget "VideoToolTests" */ = {
			isa = XCConfigurationList;
			buildConfigurations = (
				0F943E892FC68A68002114EE /* Debug */,
				0F943E8A2FC68A68002114EE /* Release */,
			);
			defaultConfigurationIsVisible = 0;
			defaultConfigurationName = Release;
		};
		0F943E8B2FC68A68002114EE /* Build configuration list for PBXNativeTarget "VideoToolUITests" */ = {
			isa = XCConfigurationList;
			buildConfigurations = (
				0F943E8C2FC68A68002114EE /* Debug */,
				0F943E8D2FC68A68002114EE /* Release */,
			);
			defaultConfigurationIsVisible = 0;
			defaultConfigurationName = Release;
		};
/* End XCConfigurationList section */

/* Begin XCRemoteSwiftPackageReference section */
		0F943EDD2FC6A21C002114EE /* XCRemoteSwiftPackageReference "ffmpeg-kit-spm-macos" */ = {
			isa = XCRemoteSwiftPackageReference;
			repositoryURL = "https://github.com/dogegg-cc/ffmpeg-kit-spm-macos/";
			requirement = {
				branch = main;
				kind = branch;
			};
		};
/* End XCRemoteSwiftPackageReference section */

/* Begin XCSwiftPackageProductDependency section */
		0F943EDE2FC6A21C002114EE /* FFmpegKit */ = {
			isa = XCSwiftPackageProductDependency;
			package = 0F943EDD2FC6A21C002114EE /* XCRemoteSwiftPackageReference "ffmpeg-kit-spm-macos" */;
			productName = FFmpegKit;
		};
		0F943EE02FC6A21C002114EE /* libavcodec */ = {
			isa = XCSwiftPackageProductDependency;
			package = 0F943EDD2FC6A21C002114EE /* XCRemoteSwiftPackageReference "ffmpeg-kit-spm-macos" */;
			productName = libavcodec;
		};
		0F943EE22FC6A21C002114EE /* libavdevice */ = {
			isa = XCSwiftPackageProductDependency;
			package = 0F943EDD2FC6A21C002114EE /* XCRemoteSwiftPackageReference "ffmpeg-kit-spm-macos" */;
			productName = libavdevice;
		};
		0F943EE42FC6A21C002114EE /* libavfilter */ = {
			isa = XCSwiftPackageProductDependency;
			package = 0F943EDD2FC6A21C002114EE /* XCRemoteSwiftPackageReference "ffmpeg-kit-spm-macos" */;
			productName = libavfilter;
		};
		0F943EE62FC6A21C002114EE /* libavformat */ = {
			isa = XCSwiftPackageProductDependency;
			package = 0F943EDD2FC6A21C002114EE /* XCRemoteSwiftPackageReference "ffmpeg-kit-spm-macos" */;
			productName = libavformat;
		};
		0F943EE82FC6A21C002114EE /* libavutil */ = {
			isa = XCSwiftPackageProductDependency;
			package = 0F943EDD2FC6A21C002114EE /* XCRemoteSwiftPackageReference "ffmpeg-kit-spm-macos" */;
			productName = libavutil;
		};
		0F943EEA2FC6A21C002114EE /* libswresample */ = {
			isa = XCSwiftPackageProductDependency;
			package = 0F943EDD2FC6A21C002114EE /* XCRemoteSwiftPackageReference "ffmpeg-kit-spm-macos" */;
			productName = libswresample;
		};
		0F943EEC2FC6A21C002114EE /* libswscale */ = {
			isa = XCSwiftPackageProductDependency;
			package = 0F943EDD2FC6A21C002114EE /* XCRemoteSwiftPackageReference "ffmpeg-kit-spm-macos" */;
			productName = libswscale;
		};
/* End XCSwiftPackageProductDependency section */
	};
	rootObject = 0F943E5C2FC68A67002114EE /* Project object */;
}
